Microsoft Visual Studio Solution File, Format Version 12.00
# Visual Studio Version 17
VisualStudioVersion = 17.0.31903.59
MinimumVisualStudioVersion = 10.0.40219.1
Project("{2150E333-8FDC-42A3-9474-1A3956D46DE8}") = "BuildingBlocks", "BuildingBlocks", "{0B0B0001-0000-0000-0000-000000000001}"
EndProject
Project("{9A19103F-16F7-4668-BE54-9A1E7A4F7556}") = "BB.Common", "src\BuildingBlocks\BB.Common\BB.Common.csproj", "{11111111-1111-1111-1111-111111111101}"
EndProject
Project("{9A19103F-16F7-4668-BE54-9A1E7A4F7556}") = "BB.Persistence", "src\BuildingBlocks\BB.Persistence\BB.Persistence.csproj", "{11111111-1111-1111-1111-111111111102}"
EndProject
Project("{9A19103F-16F7-4668-BE54-9A1E7A4F7556}") = "BB.Web", "src\BuildingBlocks\BB.Web\BB.Web.csproj", "{11111111-1111-1111-1111-111111111103}"
EndProject
Project("{9A19103F-16F7-4668-BE54-9A1E7A4F7556}") = "BB.Localization", "src\BuildingBlocks\BB.Localization\BB.Localization.csproj", "{11111111-1111-1111-1111-111111111104}"
EndProject
Project("{9A19103F-16F7-4668-BE54-9A1E7A4F7556}") = "BB.Logging", "src\BuildingBlocks\BB.Logging\BB.Logging.csproj", "{11111111-1111-1111-1111-111111111105}"
EndProject
Project("{9A19103F-16F7-4668-BE54-9A1E7A4F7556}") = "BB.Security", "src\BuildingBlocks\BB.Security\BB.Security.csproj", "{11111111-1111-1111-1111-111111111106}"
EndProject
Project("{9A19103F-16F7-4668-BE54-9A1E7A4F7556}") = "BB.EventBus", "src\BuildingBlocks\BB.EventBus\BB.EventBus.csproj", "{11111111-1111-1111-1111-111111111107}"
EndProject
Project("{2150E333-8FDC-42A3-9474-1A3956D46DE8}") = "Modules", "Modules", "{0B0B0002-0000-0000-0000-000000000002}"
EndProject
Project("{2150E333-8FDC-42A3-9474-1A3956D46DE8}") = "Identity", "Identity", "{0B0B0004-0000-0000-0000-000000000004}"
EndProject
Project("{9A19103F-16F7-4668-BE54-9A1E7A4F7556}") = "Identity.Domain", "src\Modules\Identity\Identity.Domain\Identity.Domain.csproj", "{33333333-3333-3333-3333-333333333301}"
EndProject
Project("{9A19103F-16F7-4668-BE54-9A1E7A4F7556}") = "Identity.Application", "src\Modules\Identity\Identity.Application\Identity.Application.csproj", "{33333333-3333-3333-3333-333333333302}"
EndProject
Project("{9A19103F-16F7-4668-BE54-9A1E7A4F7556}") = "Identity.Infrastructure", "src\Modules\Identity\Identity.Infrastructure\Identity.Infrastructure.csproj", "{33333333-3333-3333-3333-333333333303}"
EndProject
Project("{9A19103F-16F7-4668-BE54-9A1E7A4F7556}") = "Identity.Api", "src\Modules\Identity\Identity.Api\Identity.Api.csproj", "{33333333-3333-3333-3333-333333333304}"
EndProject
Project("{2150E333-8FDC-42A3-9474-1A3956D46DE8}") = "Bootstrapper", "Bootstrapper", "{0B0B0005-0000-0000-0000-000000000005}"
EndProject
Project("{9A19103F-16F7-4668-BE54-9A1E7A4F7556}") = "Api.Host", "src\Bootstrapper\Api.Host\Api.Host.csproj", "{44444444-4444-4444-4444-444444444401}"
EndProject
Project("{2150E333-8FDC-42A3-9474-1A3956D46DE8}") = "src", "src", "{70174EA9-45E8-4A1B-B0E8-0E1EFF4B2191}"
EndProject
Project("{2150E333-8FDC-42A3-9474-1A3956D46DE8}") = "Modules", "Modules", "{40F58FED-AB30-4651-A7EF-82CF0CAD81DD}"
EndProject
Project("{2150E333-8FDC-42A3-9474-1A3956D46DE8}") = "Workflow", "Workflow", "{E8ECF7EC-8560-486B-BD12-AF7A27B487A8}"
EndProject
Project("{FAE04EC0-301F-11D3-BF4B-00C04F79EFBC}") = "Workflow.Domain", "src\Modules\Workflow\Workflow.Domain\Workflow.Domain.csproj", "{E4BD0A71-840E-4848-88CC-52BCDA7E391F}"
EndProject
Project("{FAE04EC0-301F-11D3-BF4B-00C04F79EFBC}") = "Workflow.Application", "src\Modules\Workflow\Workflow.Application\Workflow.Application.csproj", "{1CF0A799-AFDB-401E-8B3F-609458E03C19}"
EndProject
Project("{FAE04EC0-301F-11D3-BF4B-00C04F79EFBC}") = "Workflow.Infrastructure", "src\Modules\Workflow\Workflow.Infrastructure\Workflow.Infrastructure.csproj", "{15040841-48F7-4C8F-B98F-BE55EEF92F55}"
EndProject
Project("{FAE04EC0-301F-11D3-BF4B-00C04F79EFBC}") = "Workflow.Api", "src\Modules\Workflow\Workflow.Api\Workflow.Api.csproj", "{2FBC141A-3C25-40D5-9229-9F2D9B302B70}"
EndProject
Project("{2150E333-8FDC-42A3-9474-1A3956D46DE8}") = "tests", "tests", "{3DBFD157-56DF-47E0-B3F2-02A904FB4085}"
EndProject
Project("{2150E333-8FDC-42A3-9474-1A3956D46DE8}") = "UnitTests", "UnitTests", "{4533665F-DC41-4597-A3D2-1D1AFFAF1226}"
EndProject
Project("{FAE04EC0-301F-11D3-BF4B-00C04F79EFBC}") = "Workflow.UnitTests", "tests\UnitTests\Workflow.UnitTests\Workflow.UnitTests.csproj", "{5236B9AB-FF63-4B1F-81B9-9100816900EC}"
EndProject
Project("{2150E333-8FDC-42A3-9474-1A3956D46DE8}") = "Project", "Project", "{4FFDC463-FFB9-4E6F-96EB-59D40F443054}"
EndProject
Project("{FAE04EC0-301F-11D3-BF4B-00C04F79EFBC}") = "Project.Domain", "src\Modules\Project\Project.Domain\Project.Domain.csproj", "{D06B0AB1-B58B-4D48-B824-FFC4536ECA0F}"
EndProject
Project("{FAE04EC0-301F-11D3-BF4B-00C04F79EFBC}") = "Project.Application", "src\Modules\Project\Project.Application\Project.Application.csproj", "{95B7BEB7-9F4B-4871-8BD3-B66ADC8D62BE}"
EndProject
Project("{FAE04EC0-301F-11D3-BF4B-00C04F79EFBC}") = "Project.Infrastructure", "src\Modules\Project\Project.Infrastructure\Project.Infrastructure.csproj", "{B402BDCE-A3F2-474A-A8E9-EAD30D2B5AAA}"
EndProject
Project("{FAE04EC0-301F-11D3-BF4B-00C04F79EFBC}") = "Project.Api", "src\Modules\Project\Project.Api\Project.Api.csproj", "{7FB06090-5673-4D35-A53A-BB9BD64C1874}"
EndProject
Project("{FAE04EC0-301F-11D3-BF4B-00C04F79EFBC}") = "Project.UnitTests", "tests\UnitTests\Project.UnitTests\Project.UnitTests.csproj", "{F5C961EF-0109-4254-853E-8899D6E9A195}"
EndProject
Project("{2150E333-8FDC-42A3-9474-1A3956D46DE8}") = "CustomField", "CustomField", "{C7A657A0-4536-44BC-9A39-3A9AFC065B3B}"
EndProject
Project("{FAE04EC0-301F-11D3-BF4B-00C04F79EFBC}") = "CustomField.Domain", "src\Modules\CustomField\CustomField.Domain\CustomField.Domain.csproj", "{C6F849DC-FF49-4B2C-860B-54F06382AFFC}"
EndProject
Project("{FAE04EC0-301F-11D3-BF4B-00C04F79EFBC}") = "CustomField.Application", "src\Modules\CustomField\CustomField.Application\CustomField.Application.csproj", "{7EAC3604-E633-4BF1-8450-834C13F8D31F}"
EndProject
Project("{FAE04EC0-301F-11D3-BF4B-00C04F79EFBC}") = "CustomField.Infrastructure", "src\Modules\CustomField\CustomField.Infrastructure\CustomField.Infrastructure.csproj", "{15FEDC01-C441-49DF-A8B0-56F63431B362}"
EndProject
Project("{FAE04EC0-301F-11D3-BF4B-00C04F79EFBC}") = "CustomField.Api", "src\Modules\CustomField\CustomField.Api\CustomField.Api.csproj", "{9397A7D0-C284-4C8D-AE91-6E84CF9EF8ED}"
EndProject
Project("{FAE04EC0-301F-11D3-BF4B-00C04F79EFBC}") = "CustomField.UnitTests", "tests\UnitTests\CustomField.UnitTests\CustomField.UnitTests.csproj", "{B4A9C2D0-BEAB-47C4-BFBD-964EF837752D}"
EndProject
Project("{2150E333-8FDC-42A3-9474-1A3956D46DE8}") = "Issue", "Issue", "{B56667C2-7ED8-4622-B22D-851FEE38D9D4}"
EndProject
Project("{FAE04EC0-301F-11D3-BF4B-00C04F79EFBC}") = "Issue.Domain", "src\Modules\Issue\Issue.Domain\Issue.Domain.csproj", "{8CB28ED6-3C87-4E25-B49F-AE89ED83FAAD}"
EndProject
Project("{FAE04EC0-301F-11D3-BF4B-00C04F79EFBC}") = "Issue.Application", "src\Modules\Issue\Issue.Application\Issue.Application.csproj", "{AC1D405B-B677-468E-8096-1125774C06D3}"
EndProject
Project("{FAE04EC0-301F-11D3-BF4B-00C04F79EFBC}") = "Issue.Infrastructure", "src\Modules\Issue\Issue.Infrastructure\Issue.Infrastructure.csproj", "{F17586F5-CD0F-4080-B73D-83D72512069C}"
EndProject
Project("{FAE04EC0-301F-11D3-BF4B-00C04F79EFBC}") = "Issue.Api", "src\Modules\Issue\Issue.Api\Issue.Api.csproj", "{1D8234FE-CD7A-4E74-AAB4-E81D52ED1C2C}"
EndProject
Project("{FAE04EC0-301F-11D3-BF4B-00C04F79EFBC}") = "Issue.UnitTests", "tests\UnitTests\Issue.UnitTests\Issue.UnitTests.csproj", "{17028618-7F10-4193-9DB4-CA30F7DAEF09}"
EndProject
Project("{2150E333-8FDC-42A3-9474-1A3956D46DE8}") = "Comment", "Comment", "{A64B2CF7-4AAC-4C72-BCC0-A356F8C90BBF}"
EndProject
Project("{FAE04EC0-301F-11D3-BF4B-00C04F79EFBC}") = "Comment.Domain", "src\Modules\Comment\Comment.Domain\Comment.Domain.csproj", "{42FAF929-C2B8-4290-BB47-8B1932B13D24}"
EndProject
Project("{FAE04EC0-301F-11D3-BF4B-00C04F79EFBC}") = "Comment.Application", "src\Modules\Comment\Comment.Application\Comment.Application.csproj", "{DB3CA326-C2E4-43F5-AF11-DF10B01176CD}"
EndProject
Project("{FAE04EC0-301F-11D3-BF4B-00C04F79EFBC}") = "Comment.Infrastructure", "src\Modules\Comment\Comment.Infrastructure\Comment.Infrastructure.csproj", "{DCA17991-0091-4C3D-91EF-B76D3386F9AD}"
EndProject
Project("{FAE04EC0-301F-11D3-BF4B-00C04F79EFBC}") = "Comment.Api", "src\Modules\Comment\Comment.Api\Comment.Api.csproj", "{2A2B8F4C-0555-45E2-985B-D9C750BE5680}"
EndProject
Project("{2150E333-8FDC-42A3-9474-1A3956D46DE8}") = "ActivityLog", "ActivityLog", "{030245C6-F0E6-43BF-9CDA-6AADA7C79A14}"
EndProject
Project("{FAE04EC0-301F-11D3-BF4B-00C04F79EFBC}") = "ActivityLog.Domain", "src\Modules\ActivityLog\ActivityLog.Domain\ActivityLog.Domain.csproj", "{A08CFE80-DC79-45B7-8F28-8FE9A3D6CB09}"
EndProject
Project("{FAE04EC0-301F-11D3-BF4B-00C04F79EFBC}") = "ActivityLog.Application", "src\Modules\ActivityLog\ActivityLog.Application\ActivityLog.Application.csproj", "{92846531-A2CB-40C6-A013-72D679A5D17F}"
EndProject
Project("{FAE04EC0-301F-11D3-BF4B-00C04F79EFBC}") = "ActivityLog.Infrastructure", "src\Modules\ActivityLog\ActivityLog.Infrastructure\ActivityLog.Infrastructure.csproj", "{EE71E24E-8B12-477E-8D73-FA62A3B2E2A2}"
EndProject
Project("{FAE04EC0-301F-11D3-BF4B-00C04F79EFBC}") = "ActivityLog.Api", "src\Modules\ActivityLog\ActivityLog.Api\ActivityLog.Api.csproj", "{FC847011-CE94-4C7F-853C-0DDD76F9BA20}"
EndProject
Project("{2150E333-8FDC-42A3-9474-1A3956D46DE8}") = "BuildingBlocks", "BuildingBlocks", "{E64EE52D-4270-44DF-A00F-D866D79B6B40}"
EndProject
Project("{FAE04EC0-301F-11D3-BF4B-00C04F79EFBC}") = "BB.Storage", "src\BuildingBlocks\BB.Storage\BB.Storage.csproj", "{5BB5DD15-6F15-448B-80FF-17B3BA1A0D00}"
EndProject
Project("{2150E333-8FDC-42A3-9474-1A3956D46DE8}") = "Attachment", "Attachment", "{97380554-8F77-4A92-B28F-D75EBA23781A}"
EndProject
Project("{FAE04EC0-301F-11D3-BF4B-00C04F79EFBC}") = "Attachment.Domain", "src\Modules\Attachment\Attachment.Domain\Attachment.Domain.csproj", "{1A80CA90-7ED5-4796-8B97-AAF18D8A230B}"
EndProject
Project("{FAE04EC0-301F-11D3-BF4B-00C04F79EFBC}") = "Attachment.Application", "src\Modules\Attachment\Attachment.Application\Attachment.Application.csproj", "{B2E95012-E39E-461F-8FB1-528DC87096A6}"
EndProject
Project("{FAE04EC0-301F-11D3-BF4B-00C04F79EFBC}") = "Attachment.Infrastructure", "src\Modules\Attachment\Attachment.Infrastructure\Attachment.Infrastructure.csproj", "{7BECE9E9-8835-4269-AE3A-7D2EFB7D7740}"
EndProject
Project("{FAE04EC0-301F-11D3-BF4B-00C04F79EFBC}") = "Attachment.Api", "src\Modules\Attachment\Attachment.Api\Attachment.Api.csproj", "{D00E86C0-F621-48E4-B8D8-223AF49FC45D}"
EndProject
Global
	GlobalSection(SolutionConfigurationPlatforms) = preSolution
		Debug|Any CPU = Debug|Any CPU
		Release|Any CPU = Release|Any CPU
	EndGlobalSection
	GlobalSection(ProjectConfigurationPlatforms) = postSolution
		{11111111-1111-1111-1111-111111111101}.Debug|Any CPU.ActiveCfg = Debug|Any CPU
		{11111111-1111-1111-1111-111111111101}.Debug|Any CPU.Build.0 = Debug|Any CPU
		{11111111-1111-1111-1111-111111111101}.Release|Any CPU.ActiveCfg = Release|Any CPU
		{11111111-1111-1111-1111-111111111101}.Release|Any CPU.Build.0 = Release|Any CPU
		{11111111-1111-1111-1111-111111111102}.Debug|Any CPU.ActiveCfg = Debug|Any CPU
		{11111111-1111-1111-1111-111111111102}.Debug|Any CPU.Build.0 = Debug|Any CPU
		{11111111-1111-1111-1111-111111111102}.Release|Any CPU.ActiveCfg = Release|Any CPU
		{11111111-1111-1111-1111-111111111102}.Release|Any CPU.Build.0 = Release|Any CPU
		{11111111-1111-1111-1111-111111111103}.Debug|Any CPU.ActiveCfg = Debug|Any CPU
		{11111111-1111-1111-1111-111111111103}.Debug|Any CPU.Build.0 = Debug|Any CPU
		{11111111-1111-1111-1111-111111111103}.Release|Any CPU.ActiveCfg = Release|Any CPU
		{11111111-1111-1111-1111-111111111103}.Release|Any CPU.Build.0 = Release|Any CPU
		{11111111-1111-1111-1111-111111111104}.Debug|Any CPU.ActiveCfg = Debug|Any CPU
		{11111111-1111-1111-1111-111111111104}.Debug|Any CPU.Build.0 = Debug|Any CPU
		{11111111-1111-1111-1111-111111111104}.Release|Any CPU.ActiveCfg = Release|Any CPU
		{11111111-1111-1111-1111-111111111104}.Release|Any CPU.Build.0 = Release|Any CPU
		{11111111-1111-1111-1111-111111111105}.Debug|Any CPU.ActiveCfg = Debug|Any CPU
		{11111111-1111-1111-1111-111111111105}.Debug|Any CPU.Build.0 = Debug|Any CPU
		{11111111-1111-1111-1111-111111111105}.Release|Any CPU.ActiveCfg = Release|Any CPU
		{11111111-1111-1111-1111-111111111105}.Release|Any CPU.Build.0 = Release|Any CPU
		{11111111-1111-1111-1111-111111111106}.Debug|Any CPU.ActiveCfg = Debug|Any CPU
		{11111111-1111-1111-1111-111111111106}.Debug|Any CPU.Build.0 = Debug|Any CPU
		{11111111-1111-1111-1111-111111111106}.Release|Any CPU.ActiveCfg = Release|Any CPU
		{11111111-1111-1111-1111-111111111106}.Release|Any CPU.Build.0 = Release|Any CPU
		{11111111-1111-1111-1111-111111111107}.Debug|Any CPU.ActiveCfg = Debug|Any CPU
		{11111111-1111-1111-1111-111111111107}.Debug|Any CPU.Build.0 = Debug|Any CPU
		{11111111-1111-1111-1111-111111111107}.Release|Any CPU.ActiveCfg = Release|Any CPU
		{11111111-1111-1111-1111-111111111107}.Release|Any CPU.Build.0 = Release|Any CPU
		{33333333-3333-3333-3333-333333333301}.Debug|Any CPU.ActiveCfg = Debug|Any CPU
		{33333333-3333-3333-3333-333333333301}.Debug|Any CPU.Build.0 = Debug|Any CPU
		{33333333-3333-3333-3333-333333333301}.Release|Any CPU.ActiveCfg = Release|Any CPU
		{33333333-3333-3333-3333-333333333301}.Release|Any CPU.Build.0 = Release|Any CPU
		{33333333-3333-3333-3333-333333333302}.Debug|Any CPU.ActiveCfg = Debug|Any CPU
		{33333333-3333-3333-3333-333333333302}.Debug|Any CPU.Build.0 = Debug|Any CPU
		{33333333-3333-3333-3333-333333333302}.Release|Any CPU.ActiveCfg = Release|Any CPU
		{33333333-3333-3333-3333-333333333302}.Release|Any CPU.Build.0 = Release|Any CPU
		{33333333-3333-3333-3333-333333333303}.Debug|Any CPU.ActiveCfg = Debug|Any CPU
		{33333333-3333-3333-3333-333333333303}.Debug|Any CPU.Build.0 = Debug|Any CPU
		{33333333-3333-3333-3333-333333333303}.Release|Any CPU.ActiveCfg = Release|Any CPU
		{33333333-3333-3333-3333-333333333303}.Release|Any CPU.Build.0 = Release|Any CPU
		{33333333-3333-3333-3333-333333333304}.Debug|Any CPU.ActiveCfg = Debug|Any CPU
		{33333333-3333-3333-3333-333333333304}.Debug|Any CPU.Build.0 = Debug|Any CPU
		{33333333-3333-3333-3333-333333333304}.Release|Any CPU.ActiveCfg = Release|Any CPU
		{33333333-3333-3333-3333-333333333304}.Release|Any CPU.Build.0 = Release|Any CPU
		{44444444-4444-4444-4444-444444444401}.Debug|Any CPU.ActiveCfg = Debug|Any CPU
		{44444444-4444-4444-4444-444444444401}.Debug|Any CPU.Build.0 = Debug|Any CPU
		{44444444-4444-4444-4444-444444444401}.Release|Any CPU.ActiveCfg = Release|Any CPU
		{44444444-4444-4444-4444-444444444401}.Release|Any CPU.Build.0 = Release|Any CPU
		{E4BD0A71-840E-4848-88CC-52BCDA7E391F}.Debug|Any CPU.ActiveCfg = Debug|Any CPU
		{E4BD0A71-840E-4848-88CC-52BCDA7E391F}.Debug|Any CPU.Build.0 = Debug|Any CPU
		{E4BD0A71-840E-4848-88CC-52BCDA7E391F}.Release|Any CPU.ActiveCfg = Release|Any CPU
		{E4BD0A71-840E-4848-88CC-52BCDA7E391F}.Release|Any CPU.Build.0 = Release|Any CPU
		{1CF0A799-AFDB-401E-8B3F-609458E03C19}.Debug|Any CPU.ActiveCfg = Debug|Any CPU
		{1CF0A799-AFDB-401E-8B3F-609458E03C19}.Debug|Any CPU.Build.0 = Debug|Any CPU
		{1CF0A799-AFDB-401E-8B3F-609458E03C19}.Release|Any CPU.ActiveCfg = Release|Any CPU
		{1CF0A799-AFDB-401E-8B3F-609458E03C19}.Release|Any CPU.Build.0 = Release|Any CPU
		{15040841-48F7-4C8F-B98F-BE55EEF92F55}.Debug|Any CPU.ActiveCfg = Debug|Any CPU
		{15040841-48F7-4C8F-B98F-BE55EEF92F55}.Debug|Any CPU.Build.0 = Debug|Any CPU
		{15040841-48F7-4C8F-B98F-BE55EEF92F55}.Release|Any CPU.ActiveCfg = Release|Any CPU
		{15040841-48F7-4C8F-B98F-BE55EEF92F55}.Release|Any CPU.Build.0 = Release|Any CPU
		{2FBC141A-3C25-40D5-9229-9F2D9B302B70}.Debug|Any CPU.ActiveCfg = Debug|Any CPU
		{2FBC141A-3C25-40D5-9229-9F2D9B302B70}.Debug|Any CPU.Build.0 = Debug|Any CPU
		{2FBC141A-3C25-40D5-9229-9F2D9B302B70}.Release|Any CPU.ActiveCfg = Release|Any CPU
		{2FBC141A-3C25-40D5-9229-9F2D9B302B70}.Release|Any CPU.Build.0 = Release|Any CPU
		{5236B9AB-FF63-4B1F-81B9-9100816900EC}.Debug|Any CPU.ActiveCfg = Debug|Any CPU
		{5236B9AB-FF63-4B1F-81B9-9100816900EC}.Debug|Any CPU.Build.0 = Debug|Any CPU
		{5236B9AB-FF63-4B1F-81B9-9100816900EC}.Release|Any CPU.ActiveCfg = Release|Any CPU
		{5236B9AB-FF63-4B1F-81B9-9100816900EC}.Release|Any CPU.Build.0 = Release|Any CPU
		{D06B0AB1-B58B-4D48-B824-FFC4536ECA0F}.Debug|Any CPU.ActiveCfg = Debug|Any CPU
		{D06B0AB1-B58B-4D48-B824-FFC4536ECA0F}.Debug|Any CPU.Build.0 = Debug|Any CPU
		{D06B0AB1-B58B-4D48-B824-FFC4536ECA0F}.Release|Any CPU.ActiveCfg = Release|Any CPU
		{D06B0AB1-B58B-4D48-B824-FFC4536ECA0F}.Release|Any CPU.Build.0 = Release|Any CPU
		{95B7BEB7-9F4B-4871-8BD3-B66ADC8D62BE}.Debug|Any CPU.ActiveCfg = Debug|Any CPU
		{95B7BEB7-9F4B-4871-8BD3-B66ADC8D62BE}.Debug|Any CPU.Build.0 = Debug|Any CPU
		{95B7BEB7-9F4B-4871-8BD3-B66ADC8D62BE}.Release|Any CPU.ActiveCfg = Release|Any CPU
		{95B7BEB7-9F4B-4871-8BD3-B66ADC8D62BE}.Release|Any CPU.Build.0 = Release|Any CPU
		{B402BDCE-A3F2-474A-A8E9-EAD30D2B5AAA}.Debug|Any CPU.ActiveCfg = Debug|Any CPU
		{B402BDCE-A3F2-474A-A8E9-EAD30D2B5AAA}.Debug|Any CPU.Build.0 = Debug|Any CPU
		{B402BDCE-A3F2-474A-A8E9-EAD30D2B5AAA}.Release|Any CPU.ActiveCfg = Release|Any CPU
		{B402BDCE-A3F2-474A-A8E9-EAD30D2B5AAA}.Release|Any CPU.Build.0 = Release|Any CPU
		{7FB06090-5673-4D35-A53A-BB9BD64C1874}.Debug|Any CPU.ActiveCfg = Debug|Any CPU
		{7FB06090-5673-4D35-A53A-BB9BD64C1874}.Debug|Any CPU.Build.0 = Debug|Any CPU
		{7FB06090-5673-4D35-A53A-BB9BD64C1874}.Release|Any CPU.ActiveCfg = Release|Any CPU
		{7FB06090-5673-4D35-A53A-BB9BD64C1874}.Release|Any CPU.Build.0 = Release|Any CPU
		{F5C961EF-0109-4254-853E-8899D6E9A195}.Debug|Any CPU.ActiveCfg = Debug|Any CPU
		{F5C961EF-0109-4254-853E-8899D6E9A195}.Debug|Any CPU.Build.0 = Debug|Any CPU
		{F5C961EF-0109-4254-853E-8899D6E9A195}.Release|Any CPU.ActiveCfg = Release|Any CPU
		{F5C961EF-0109-4254-853E-8899D6E9A195}.Release|Any CPU.Build.0 = Release|Any CPU
		{C6F849DC-FF49-4B2C-860B-54F06382AFFC}.Debug|Any CPU.ActiveCfg = Debug|Any CPU
		{C6F849DC-FF49-4B2C-860B-54F06382AFFC}.Debug|Any CPU.Build.0 = Debug|Any CPU
		{C6F849DC-FF49-4B2C-860B-54F06382AFFC}.Release|Any CPU.ActiveCfg = Release|Any CPU
		{C6F849DC-FF49-4B2C-860B-54F06382AFFC}.Release|Any CPU.Build.0 = Release|Any CPU
		{7EAC3604-E633-4BF1-8450-834C13F8D31F}.Debug|Any CPU.ActiveCfg = Debug|Any CPU
		{7EAC3604-E633-4BF1-8450-834C13F8D31F}.Debug|Any CPU.Build.0 = Debug|Any CPU
		{7EAC3604-E633-4BF1-8450-834C13F8D31F}.Release|Any CPU.ActiveCfg = Release|Any CPU
		{7EAC3604-E633-4BF1-8450-834C13F8D31F}.Release|Any CPU.Build.0 = Release|Any CPU
		{15FEDC01-C441-49DF-A8B0-56F63431B362}.Debug|Any CPU.ActiveCfg = Debug|Any CPU
		{15FEDC01-C441-49DF-A8B0-56F63431B362}.Debug|Any CPU.Build.0 = Debug|Any CPU
		{15FEDC01-C441-49DF-A8B0-56F63431B362}.Release|Any CPU.ActiveCfg = Release|Any CPU
		{15FEDC01-C441-49DF-A8B0-56F63431B362}.Release|Any CPU.Build.0 = Release|Any CPU
		{9397A7D0-C284-4C8D-AE91-6E84CF9EF8ED}.Debug|Any CPU.ActiveCfg = Debug|Any CPU
		{9397A7D0-C284-4C8D-AE91-6E84CF9EF8ED}.Debug|Any CPU.Build.0 = Debug|Any CPU
		{9397A7D0-C284-4C8D-AE91-6E84CF9EF8ED}.Release|Any CPU.ActiveCfg = Release|Any CPU
		{9397A7D0-C284-4C8D-AE91-6E84CF9EF8ED}.Release|Any CPU.Build.0 = Release|Any CPU
		{B4A9C2D0-BEAB-47C4-BFBD-964EF837752D}.Debug|Any CPU.ActiveCfg = Debug|Any CPU
		{B4A9C2D0-BEAB-47C4-BFBD-964EF837752D}.Debug|Any CPU.Build.0 = Debug|Any CPU
		{B4A9C2D0-BEAB-47C4-BFBD-964EF837752D}.Release|Any CPU.ActiveCfg = Release|Any CPU
		{B4A9C2D0-BEAB-47C4-BFBD-964EF837752D}.Release|Any CPU.Build.0 = Release|Any CPU
		{8CB28ED6-3C87-4E25-B49F-AE89ED83FAAD}.Debug|Any CPU.ActiveCfg = Debug|Any CPU
		{8CB28ED6-3C87-4E25-B49F-AE89ED83FAAD}.Debug|Any CPU.Build.0 = Debug|Any CPU
		{8CB28ED6-3C87-4E25-B49F-AE89ED83FAAD}.Release|Any CPU.ActiveCfg = Release|Any CPU
		{8CB28ED6-3C87-4E25-B49F-AE89ED83FAAD}.Release|Any CPU.Build.0 = Release|Any CPU
		{AC1D405B-B677-468E-8096-1125774C06D3}.Debug|Any CPU.ActiveCfg = Debug|Any CPU
		{AC1D405B-B677-468E-8096-1125774C06D3}.Debug|Any CPU.Build.0 = Debug|Any CPU
		{AC1D405B-B677-468E-8096-1125774C06D3}.Release|Any CPU.ActiveCfg = Release|Any CPU
		{AC1D405B-B677-468E-8096-1125774C06D3}.Release|Any CPU.Build.0 = Release|Any CPU
		{F17586F5-CD0F-4080-B73D-83D72512069C}.Debug|Any CPU.ActiveCfg = Debug|Any CPU
		{F17586F5-CD0F-4080-B73D-83D72512069C}.Debug|Any CPU.Build.0 = Debug|Any CPU
		{F17586F5-CD0F-4080-B73D-83D72512069C}.Release|Any CPU.ActiveCfg = Release|Any CPU
		{F17586F5-CD0F-4080-B73D-83D72512069C}.Release|Any CPU.Build.0 = Release|Any CPU
		{1D8234FE-CD7A-4E74-AAB4-E81D52ED1C2C}.Debug|Any CPU.ActiveCfg = Debug|Any CPU
		{1D8234FE-CD7A-4E74-AAB4-E81D52ED1C2C}.Debug|Any CPU.Build.0 = Debug|Any CPU
		{1D8234FE-CD7A-4E74-AAB4-E81D52ED1C2C}.Release|Any CPU.ActiveCfg = Release|Any CPU
		{1D8234FE-CD7A-4E74-AAB4-E81D52ED1C2C}.Release|Any CPU.Build.0 = Release|Any CPU
		{17028618-7F10-4193-9DB4-CA30F7DAEF09}.Debug|Any CPU.ActiveCfg = Debug|Any CPU
		{17028618-7F10-4193-9DB4-CA30F7DAEF09}.Debug|Any CPU.Build.0 = Debug|Any CPU
		{17028618-7F10-4193-9DB4-CA30F7DAEF09}.Release|Any CPU.ActiveCfg = Release|Any CPU
		{17028618-7F10-4193-9DB4-CA30F7DAEF09}.Release|Any CPU.Build.0 = Release|Any CPU
		{42FAF929-C2B8-4290-BB47-8B1932B13D24}.Debug|Any CPU.ActiveCfg = Debug|Any CPU
		{42FAF929-C2B8-4290-BB47-8B1932B13D24}.Debug|Any CPU.Build.0 = Debug|Any CPU
		{42FAF929-C2B8-4290-BB47-8B1932B13D24}.Release|Any CPU.ActiveCfg = Release|Any CPU
		{42FAF929-C2B8-4290-BB47-8B1932B13D24}.Release|Any CPU.Build.0 = Release|Any CPU
		{DB3CA326-C2E4-43F5-AF11-DF10B01176CD}.Debug|Any CPU.ActiveCfg = Debug|Any CPU
		{DB3CA326-C2E4-43F5-AF11-DF10B01176CD}.Debug|Any CPU.Build.0 = Debug|Any CPU
		{DB3CA326-C2E4-43F5-AF11-DF10B01176CD}.Release|Any CPU.ActiveCfg = Release|Any CPU
		{DB3CA326-C2E4-43F5-AF11-DF10B01176CD}.Release|Any CPU.Build.0 = Release|Any CPU
		{DCA17991-0091-4C3D-91EF-B76D3386F9AD}.Debug|Any CPU.ActiveCfg = Debug|Any CPU
		{DCA17991-0091-4C3D-91EF-B76D3386F9AD}.Debug|Any CPU.Build.0 = Debug|Any CPU
		{DCA17991-0091-4C3D-91EF-B76D3386F9AD}.Release|Any CPU.ActiveCfg = Release|Any CPU
		{DCA17991-0091-4C3D-91EF-B76D3386F9AD}.Release|Any CPU.Build.0 = Release|Any CPU
		{2A2B8F4C-0555-45E2-985B-D9C750BE5680}.Debug|Any CPU.ActiveCfg = Debug|Any CPU
		{2A2B8F4C-0555-45E2-985B-D9C750BE5680}.Debug|Any CPU.Build.0 = Debug|Any CPU
		{2A2B8F4C-0555-45E2-985B-D9C750BE5680}.Release|Any CPU.ActiveCfg = Release|Any CPU
		{2A2B8F4C-0555-45E2-985B-D9C750BE5680}.Release|Any CPU.Build.0 = Release|Any CPU
		{A08CFE80-DC79-45B7-8F28-8FE9A3D6CB09}.Debug|Any CPU.ActiveCfg = Debug|Any CPU
		{A08CFE80-DC79-45B7-8F28-8FE9A3D6CB09}.Debug|Any CPU.Build.0 = Debug|Any CPU
		{A08CFE80-DC79-45B7-8F28-8FE9A3D6CB09}.Release|Any CPU.ActiveCfg = Release|Any CPU
		{A08CFE80-DC79-45B7-8F28-8FE9A3D6CB09}.Release|Any CPU.Build.0 = Release|Any CPU
		{92846531-A2CB-40C6-A013-72D679A5D17F}.Debug|Any CPU.ActiveCfg = Debug|Any CPU
		{92846531-A2CB-40C6-A013-72D679A5D17F}.Debug|Any CPU.Build.0 = Debug|Any CPU
		{92846531-A2CB-40C6-A013-72D679A5D17F}.Release|Any CPU.ActiveCfg = Release|Any CPU
		{92846531-A2CB-40C6-A013-72D679A5D17F}.Release|Any CPU.Build.0 = Release|Any CPU
		{EE71E24E-8B12-477E-8D73-FA62A3B2E2A2}.Debug|Any CPU.ActiveCfg = Debug|Any CPU
		{EE71E24E-8B12-477E-8D73-FA62A3B2E2A2}.Debug|Any CPU.Build.0 = Debug|Any CPU
		{EE71E24E-8B12-477E-8D73-FA62A3B2E2A2}.Release|Any CPU.ActiveCfg = Release|Any CPU
		{EE71E24E-8B12-477E-8D73-FA62A3B2E2A2}.Release|Any CPU.Build.0 = Release|Any CPU
		{FC847011-CE94-4C7F-853C-0DDD76F9BA20}.Debug|Any CPU.ActiveCfg = Debug|Any CPU
		{FC847011-CE94-4C7F-853C-0DDD76F9BA20}.Debug|Any CPU.Build.0 = Debug|Any CPU
		{FC847011-CE94-4C7F-853C-0DDD76F9BA20}.Release|Any CPU.ActiveCfg = Release|Any CPU
		{FC847011-CE94-4C7F-853C-0DDD76F9BA20}.Release|Any CPU.Build.0 = Release|Any CPU
		{5BB5DD15-6F15-448B-80FF-17B3BA1A0D00}.Debug|Any CPU.ActiveCfg = Debug|Any CPU
		{5BB5DD15-6F15-448B-80FF-17B3BA1A0D00}.Debug|Any CPU.Build.0 = Debug|Any CPU
		{5BB5DD15-6F15-448B-80FF-17B3BA1A0D00}.Release|Any CPU.ActiveCfg = Release|Any CPU
		{5BB5DD15-6F15-448B-80FF-17B3BA1A0D00}.Release|Any CPU.Build.0 = Release|Any CPU
		{1A80CA90-7ED5-4796-8B97-AAF18D8A230B}.Debug|Any CPU.ActiveCfg = Debug|Any CPU
		{1A80CA90-7ED5-4796-8B97-AAF18D8A230B}.Debug|Any CPU.Build.0 = Debug|Any CPU
		{1A80CA90-7ED5-4796-8B97-AAF18D8A230B}.Release|Any CPU.ActiveCfg = Release|Any CPU
		{1A80CA90-7ED5-4796-8B97-AAF18D8A230B}.Release|Any CPU.Build.0 = Release|Any CPU
		{B2E95012-E39E-461F-8FB1-528DC87096A6}.Debug|Any CPU.ActiveCfg = Debug|Any CPU
		{B2E95012-E39E-461F-8FB1-528DC87096A6}.Debug|Any CPU.Build.0 = Debug|Any CPU
		{B2E95012-E39E-461F-8FB1-528DC87096A6}.Release|Any CPU.ActiveCfg = Release|Any CPU
		{B2E95012-E39E-461F-8FB1-528DC87096A6}.Release|Any CPU.Build.0 = Release|Any CPU
		{7BECE9E9-8835-4269-AE3A-7D2EFB7D7740}.Debug|Any CPU.ActiveCfg = Debug|Any CPU
		{7BECE9E9-8835-4269-AE3A-7D2EFB7D7740}.Debug|Any CPU.Build.0 = Debug|Any CPU
		{7BECE9E9-8835-4269-AE3A-7D2EFB7D7740}.Release|Any CPU.ActiveCfg = Release|Any CPU
		{7BECE9E9-8835-4269-AE3A-7D2EFB7D7740}.Release|Any CPU.Build.0 = Release|Any CPU
		{D00E86C0-F621-48E4-B8D8-223AF49FC45D}.Debug|Any CPU.ActiveCfg = Debug|Any CPU
		{D00E86C0-F621-48E4-B8D8-223AF49FC45D}.Debug|Any CPU.Build.0 = Debug|Any CPU
		{D00E86C0-F621-48E4-B8D8-223AF49FC45D}.Release|Any CPU.ActiveCfg = Release|Any CPU
		{D00E86C0-F621-48E4-B8D8-223AF49FC45D}.Release|Any CPU.Build.0 = Release|Any CPU
	EndGlobalSection
	GlobalSection(NestedProjects) = preSolution
		{11111111-1111-1111-1111-111111111101} = {0B0B0001-0000-0000-0000-000000000001}
		{11111111-1111-1111-1111-111111111102} = {0B0B0001-0000-0000-0000-000000000001}
		{11111111-1111-1111-1111-111111111103} = {0B0B0001-0000-0000-0000-000000000001}
		{11111111-1111-1111-1111-111111111104} = {0B0B0001-0000-0000-0000-000000000001}
		{11111111-1111-1111-1111-111111111105} = {0B0B0001-0000-0000-0000-000000000001}
		{11111111-1111-1111-1111-111111111106} = {0B0B0001-0000-0000-0000-000000000001}
		{11111111-1111-1111-1111-111111111107} = {0B0B0001-0000-0000-0000-000000000001}
		{0B0B0004-0000-0000-0000-000000000004} = {0B0B0002-0000-0000-0000-000000000002}
		{33333333-3333-3333-3333-333333333301} = {0B0B0004-0000-0000-0000-000000000004}
		{33333333-3333-3333-3333-333333333302} = {0B0B0004-0000-0000-0000-000000000004}
		{33333333-3333-3333-3333-333333333303} = {0B0B0004-0000-0000-0000-000000000004}
		{33333333-3333-3333-3333-333333333304} = {0B0B0004-0000-0000-0000-000000000004}
		{44444444-4444-4444-4444-444444444401} = {0B0B0005-0000-0000-0000-000000000005}
		{40F58FED-AB30-4651-A7EF-82CF0CAD81DD} = {70174EA9-45E8-4A1B-B0E8-0E1EFF4B2191}
		{E8ECF7EC-8560-486B-BD12-AF7A27B487A8} = {40F58FED-AB30-4651-A7EF-82CF0CAD81DD}
		{E4BD0A71-840E-4848-88CC-52BCDA7E391F} = {E8ECF7EC-8560-486B-BD12-AF7A27B487A8}
		{1CF0A799-AFDB-401E-8B3F-609458E03C19} = {E8ECF7EC-8560-486B-BD12-AF7A27B487A8}
		{15040841-48F7-4C8F-B98F-BE55EEF92F55} = {E8ECF7EC-8560-486B-BD12-AF7A27B487A8}
		{2FBC141A-3C25-40D5-9229-9F2D9B302B70} = {E8ECF7EC-8560-486B-BD12-AF7A27B487A8}
		{4533665F-DC41-4597-A3D2-1D1AFFAF1226} = {3DBFD157-56DF-47E0-B3F2-02A904FB4085}
		{5236B9AB-FF63-4B1F-81B9-9100816900EC} = {4533665F-DC41-4597-A3D2-1D1AFFAF1226}
		{4FFDC463-FFB9-4E6F-96EB-59D40F443054} = {40F58FED-AB30-4651-A7EF-82CF0CAD81DD}
		{D06B0AB1-B58B-4D48-B824-FFC4536ECA0F} = {4FFDC463-FFB9-4E6F-96EB-59D40F443054}
		{95B7BEB7-9F4B-4871-8BD3-B66ADC8D62BE} = {4FFDC463-FFB9-4E6F-96EB-59D40F443054}
		{B402BDCE-A3F2-474A-A8E9-EAD30D2B5AAA} = {4FFDC463-FFB9-4E6F-96EB-59D40F443054}
		{7FB06090-5673-4D35-A53A-BB9BD64C1874} = {4FFDC463-FFB9-4E6F-96EB-59D40F443054}
		{F5C961EF-0109-4254-853E-8899D6E9A195} = {4533665F-DC41-4597-A3D2-1D1AFFAF1226}
		{C7A657A0-4536-44BC-9A39-3A9AFC065B3B} = {40F58FED-AB30-4651-A7EF-82CF0CAD81DD}
		{C6F849DC-FF49-4B2C-860B-54F06382AFFC} = {C7A657A0-4536-44BC-9A39-3A9AFC065B3B}
		{7EAC3604-E633-4BF1-8450-834C13F8D31F} = {C7A657A0-4536-44BC-9A39-3A9AFC065B3B}
		{15FEDC01-C441-49DF-A8B0-56F63431B362} = {C7A657A0-4536-44BC-9A39-3A9AFC065B3B}
		{9397A7D0-C284-4C8D-AE91-6E84CF9EF8ED} = {C7A657A0-4536-44BC-9A39-3A9AFC065B3B}
		{B4A9C2D0-BEAB-47C4-BFBD-964EF837752D} = {4533665F-DC41-4597-A3D2-1D1AFFAF1226}
		{B56667C2-7ED8-4622-B22D-851FEE38D9D4} = {40F58FED-AB30-4651-A7EF-82CF0CAD81DD}
		{8CB28ED6-3C87-4E25-B49F-AE89ED83FAAD} = {B56667C2-7ED8-4622-B22D-851FEE38D9D4}
		{AC1D405B-B677-468E-8096-1125774C06D3} = {B56667C2-7ED8-4622-B22D-851FEE38D9D4}
		{F17586F5-CD0F-4080-B73D-83D72512069C} = {B56667C2-7ED8-4622-B22D-851FEE38D9D4}
		{1D8234FE-CD7A-4E74-AAB4-E81D52ED1C2C} = {B56667C2-7ED8-4622-B22D-851FEE38D9D4}
		{17028618-7F10-4193-9DB4-CA30F7DAEF09} = {4533665F-DC41-4597-A3D2-1D1AFFAF1226}
		{A64B2CF7-4AAC-4C72-BCC0-A356F8C90BBF} = {40F58FED-AB30-4651-A7EF-82CF0CAD81DD}
		{42FAF929-C2B8-4290-BB47-8B1932B13D24} = {A64B2CF7-4AAC-4C72-BCC0-A356F8C90BBF}
		{DB3CA326-C2E4-43F5-AF11-DF10B01176CD} = {A64B2CF7-4AAC-4C72-BCC0-A356F8C90BBF}
		{DCA17991-0091-4C3D-91EF-B76D3386F9AD} = {A64B2CF7-4AAC-4C72-BCC0-A356F8C90BBF}
		{2A2B8F4C-0555-45E2-985B-D9C750BE5680} = {A64B2CF7-4AAC-4C72-BCC0-A356F8C90BBF}
		{030245C6-F0E6-43BF-9CDA-6AADA7C79A14} = {40F58FED-AB30-4651-A7EF-82CF0CAD81DD}
		{A08CFE80-DC79-45B7-8F28-8FE9A3D6CB09} = {030245C6-F0E6-43BF-9CDA-6AADA7C79A14}
		{92846531-A2CB-40C6-A013-72D679A5D17F} = {030245C6-F0E6-43BF-9CDA-6AADA7C79A14}
		{EE71E24E-8B12-477E-8D73-FA62A3B2E2A2} = {030245C6-F0E6-43BF-9CDA-6AADA7C79A14}
		{FC847011-CE94-4C7F-853C-0DDD76F9BA20} = {030245C6-F0E6-43BF-9CDA-6AADA7C79A14}
		{E64EE52D-4270-44DF-A00F-D866D79B6B40} = {70174EA9-45E8-4A1B-B0E8-0E1EFF4B2191}
		{5BB5DD15-6F15-448B-80FF-17B3BA1A0D00} = {E64EE52D-4270-44DF-A00F-D866D79B6B40}
		{97380554-8F77-4A92-B28F-D75EBA23781A} = {40F58FED-AB30-4651-A7EF-82CF0CAD81DD}
		{1A80CA90-7ED5-4796-8B97-AAF18D8A230B} = {97380554-8F77-4A92-B28F-D75EBA23781A}
		{B2E95012-E39E-461F-8FB1-528DC87096A6} = {97380554-8F77-4A92-B28F-D75EBA23781A}
		{7BECE9E9-8835-4269-AE3A-7D2EFB7D7740} = {97380554-8F77-4A92-B28F-D75EBA23781A}
		{D00E86C0-F621-48E4-B8D8-223AF49FC45D} = {97380554-8F77-4A92-B28F-D75EBA23781A}
	EndGlobalSection
EndGlobal
